
Microsoft Visual Studio Solution File, Format Version 12.00
# Visual Studio Version 17
VisualStudioVersion = 17.14.36301.6
MinimumVisualStudioVersion = 10.0.40219.1
Project("{FAE04EC0-301F-11D3-BF4B-00C04F79EFBC}") = "MiApi", "MiApi\MiApi.csproj", "{D973495C-3B75-4FA6-AC08-BBDF8E6AB2D9}"
EndProject
Project("{FAE04EC0-301F-11D3-BF4B-00C04F79EFBC}") = "MiApi.Servicios", "MiApi.Servicios\MiApi.Servicios.csproj", "{DD50EAFC-D203-4B9D-9E3F-310A7E53CE79}"
EndProject
Project("{FAE04EC0-301F-11D3-BF4B-00C04F79EFBC}") = "MiApi.Models", "MiApi.Models\MiApi.Models.csproj", "{FF673E00-C952-4B5E-AAFC-4DCC02A43014}"
EndProject
Project("{FAE04EC0-301F-11D3-BF4B-00C04F79EFBC}") = "MiApi.Query", "MiApi.Query\MiApi.Query.csproj", "{A295DA16-7826-4A1F-9EE4-F958AD95D7CA}"
EndProject
Project("{FAE04EC0-301F-11D3-BF4B-00C04F79EFBC}") = "MiApi.Repository", "MiApi.Repository\MiApi.Repository.csproj", "{CFF226C3-3474-4677-A1CA-CAFBE2427F39}"
EndProject
Global
	GlobalSection(SolutionConfigurationPlatforms) = preSolution
		Debug|Any CPU = Debug|Any CPU
		Release|Any CPU = Release|Any CPU
	EndGlobalSection
	GlobalSection(ProjectConfigurationPlatforms) = postSolution
		{D973495C-3B75-4FA6-AC08-BBDF8E6AB2D9}.Debug|Any CPU.ActiveCfg = Debug|Any CPU
		{D973495C-3B75-4FA6-AC08-BBDF8E6AB2D9}.Debug|Any CPU.Build.0 = Debug|Any CPU
		{D973495C-3B75-4FA6-AC08-BBDF8E6AB2D9}.Release|Any CPU.ActiveCfg = Release|Any CPU
		{D973495C-3B75-4FA6-AC08-BBDF8E6AB2D9}.Release|Any CPU.Build.0 = Release|Any CPU
		{DD50EAFC-D203-4B9D-9E3F-310A7E53CE79}.Debug|Any CPU.ActiveCfg = Debug|Any CPU
		{DD50EAFC-D203-4B9D-9E3F-310A7E53CE79}.Debug|Any CPU.Build.0 = Debug|Any CPU
		{DD50EAFC-D203-4B9D-9E3F-310A7E53CE79}.Release|Any CPU.ActiveCfg = Release|Any CPU
		{DD50EAFC-D203-4B9D-9E3F-310A7E53CE79}.Release|Any CPU.Build.0 = Release|Any CPU
		{FF673E00-C952-4B5E-AAFC-4DCC02A43014}.Debug|Any CPU.ActiveCfg = Debug|Any CPU
		{FF673E00-C952-4B5E-AAFC-4DCC02A43014}.Debug|Any CPU.Build.0 = Debug|Any CPU
		{FF673E00-C952-4B5E-AAFC-4DCC02A43014}.Release|Any CPU.ActiveCfg = Release|Any CPU
		{FF673E00-C952-4B5E-AAFC-4DCC02A43014}.Release|Any CPU.Build.0 = Release|Any CPU
		{A295DA16-7826-4A1F-9EE4-F958AD95D7CA}.Debug|Any CPU.ActiveCfg = Debug|Any CPU
		{A295DA16-7826-4A1F-9EE4-F958AD95D7CA}.Debug|Any CPU.Build.0 = Debug|Any CPU
		{A295DA16-7826-4A1F-9EE4-F958AD95D7CA}.Release|Any CPU.ActiveCfg = Release|Any CPU
		{A295DA16-7826-4A1F-9EE4-F958AD95D7CA}.Release|Any CPU.Build.0 = Release|Any CPU
		{CFF226C3-3474-4677-A1CA-CAFBE2427F39}.Debug|Any CPU.ActiveCfg = Debug|Any CPU
		{CFF226C3-3474-4677-A1CA-CAFBE2427F39}.Debug|Any CPU.Build.0 = Debug|Any CPU
		{CFF226C3-3474-4677-A1CA-CAFBE2427F39}.Release|Any CPU.ActiveCfg = Release|Any CPU
		{CFF226C3-3474-4677-A1CA-CAFBE2427F39}.Release|Any CPU.Build.0 = Release|Any CPU
	EndGlobalSection
	GlobalSection(SolutionProperties) = preSolution
		HideSolutionNode = FALSE
	EndGlobalSection
	GlobalSection(ExtensibilityGlobals) = postSolution
		SolutionGuid = {8AD0F91A-1CA4-45C3-9453-B1AFD21C88E3}
	EndGlobalSection
EndGlobal
